[[package]]
name = "pyside6"
version = "6.4.0"
requires_python = "<3.11,>=3.6"
summary = "Python bindings for the Qt cross-platform application and UI framework"
dependencies = [
    "PySide6-Addons==6.4.0",
    "PySide6-Essentials==6.4.0",
    "shiboken6==6.4.0",
]

[[package]]
name = "pyside6-addons"
version = "6.4.0"
requires_python = "<3.11,>=3.6"
summary = "Python bindings for the Qt cross-platform application and UI framework (Addons)"
dependencies = [
    "PySide6-Essentials==6.4.0",
    "shiboken6==6.4.0",
]

[[package]]
name = "pyside6-essentials"
version = "6.4.0"
requires_python = "<3.11,>=3.6"
summary = "Python bindings for the Qt cross-platform application and UI framework (Essentials)"
dependencies = [
    "shiboken6==6.4.0",
]

[[package]]
name = "shiboken6"
version = "6.4.0"
requires_python = "<3.11,>=3.6"
summary = "Python/C++ bindings helper module"

[metadata]
lock_version = "4.0"
content_hash = "sha256:9112ec9833ba3001fe31a86c54cab13613214d77adbaec4d214c8055c126e856"

[metadata.files]
"pyside6 6.4.0" = [
    {url = "https://files.pythonhosted.org/packages/24/0a/d08d527a4d510dc09607dfe3f9d55a4c6a23d7503cdab00cbcf7daef52b1/PySide6-6.4.0-pp39-pypy39_pp73-win_amd64.whl", hash = "sha256:f5220d57db6890546adf81669129da6bb46546a01bf618ec58fa1e7a69d0b52c"},
    {url = "https://files.pythonhosted.org/packages/27/17/ed3cb6aa24ac9572b9ccf8a142947644d1a97d93df9a2f5f904b49582775/PySide6-6.4.0-cp36-abi3-win_amd64.whl", hash = "sha256:5df15003f0b12ed5c4c4f321ffa381784a2425441b2bd6c671d824bb03efdf2a"},
    {url = "https://files.pythonhosted.org/packages/4a/13/748aa9922680987e5d24fb13c7b40ef5cf5f05d6918f468856c31833a4c4/PySide6-6.4.0-pp39-pypy39_pp73-macosx_10_9_universal2.whl", hash = "sha256:e8702ff398b7fe395a3b9f0020b8d2910ab4fcea50f259f93e936409fd367c4b"},
    {url = "https://files.pythonhosted.org/packages/bb/69/135b96d4b81ec97ab1d235a9008b41242245c3bdb132ce177241288cd895/PySide6-6.4.0-cp36-abi3-macosx_10_9_universal2.whl", hash = "sha256:eeed99066628c44113c21ba5eccd6c229d8f7ee65834a7fc45c64b0e636c606d"},
    {url = "https://files.pythonhosted.org/packages/cf/3e/a1b45615db162df9cc10a59137052414e48c4c25c79e02ea6b802053fb15/PySide6-6.4.0-pp39-pypy39_pp73-manylinux_2_28_x86_64.whl", hash = "sha256:1b388e3fc87ebcad7ecaad751c5560625425efea4e56d553a4caa07032865c86"},
    {url = "https://files.pythonhosted.org/packages/df/75/244ad17b5cebb8851e6a28473b3d79298d220ea91d546080070829b31bdd/PySide6-6.4.0-cp36-abi3-manylinux_2_28_x86_64.whl", hash = "sha256:d7824b1f0c346e8db03870fa8dc5e13b18bc746a9dfabbc69c85529e85903408"},
]
"pyside6-addons 6.4.0" = [
    {url = "https://files.pythonhosted.org/packages/31/bc/d612e3942cd98351fe1edbd6d9931599a71d72cc594177d7549f87e56863/PySide6_Addons-6.4.0-pp39-pypy39_pp73-macosx_10_9_universal2.whl", hash = "sha256:804f2a73560dffb390f91a1fbd6f33440b1f96ce8d74e19cc893952e2e8c8966"},
    {url = "https://files.pythonhosted.org/packages/be/5b/a7a7db7df29b7fc8ac4bc0dd01c688cc2f137ad1dde33c60342d4f710587/PySide6_Addons-6.4.0-cp36-abi3-macosx_10_9_universal2.whl", hash = "sha256:aceb568a684b88114c8928247019a9ffc3e133c4fe7722c7ce62224db338b335"},
    {url = "https://files.pythonhosted.org/packages/c3/32/b5b9b746266e56244a41a336c8978625a04ea9ab77b9f9057c201dcbc804/PySide6_Addons-6.4.0-pp39-pypy39_pp73-manylinux_2_28_x86_64.whl", hash = "sha256:59b3507db48b67707971b163aa8832beab902688288c64ffbfb2be6c487f5ec4"},
    {url = "https://files.pythonhosted.org/packages/cb/90/65c68f723c2f8a4bd594d7bd0d5101644a28aa1190808ccc2401304bbc76/PySide6_Addons-6.4.0-cp36-abi3-manylinux_2_28_x86_64.whl", hash = "sha256:236b0dbaefc03114fc1deeee0041808d64a76650b643cf9ee9d8587e3ba9059a"},
    {url = "https://files.pythonhosted.org/packages/cc/a7/1a0e5b42b55856bb015801bcaf3e3af192c3c73349a280d3f223b9b9247f/PySide6_Addons-6.4.0-cp36-abi3-win_amd64.whl", hash = "sha256:f060df71d64bc6d88651fc51b081de26de6a1c9308f14b021943056d70e20552"},
    {url = "https://files.pythonhosted.org/packages/fe/1e/323450927d4bbed5365f4935daf071db2ab610a167619f4f88db6a278925/PySide6_Addons-6.4.0-pp39-pypy39_pp73-win_amd64.whl", hash = "sha256:e9c108184094c54f1c7cd456ed5294a9da696d036b7079c07b2ee4a52aa0980c"},
]
"pyside6-essentials 6.4.0" = [
    {url = "https://files.pythonhosted.org/packages/1a/64/37d70c18d3983509be229e7162298ffab571c9251d17e6297ba02bba3717/PySide6_Essentials-6.4.0-pp39-pypy39_pp73-macosx_10_9_universal2.whl", hash = "sha256:ff744c614e5fb8e536c632ab51811a5e27641ef546364b7bdd2d0320b4115d83"},
    {url = "https://files.pythonhosted.org/packages/29/90/c8a4fbe9ca11e74b703ebc3b6fafa553af6f5eb7df9098f6fd116497073e/PySide6_Essentials-6.4.0-cp36-abi3-win_amd64.whl", hash = "sha256:576704ff198a4aa4748bc99ac1e3fcd2425d7651f44214e93cd99be37cf4d305"},
    {url = "https://files.pythonhosted.org/packages/3e/c0/f9bea945811449152722a46c79a94cb2f8390e6264ffd6ff6216990ccbb9/PySide6_Essentials-6.4.0-pp39-pypy39_pp73-win_amd64.whl", hash = "sha256:3b82f238c015f13840eb0e61167a3f776ce62fa4704ba2f329658a35c46daacb"},
    {url = "https://files.pythonhosted.org/packages/4e/87/0eb33974d08cd5ff98802b8969e261bafcab84cb3f309cc50924b10e13ee/PySide6_Essentials-6.4.0-cp36-abi3-macosx_10_9_universal2.whl", hash = "sha256:6e11d3a7fe013bb5b259066755983378d4ae2f582e5935fd5950c3dcfa0c3ec6"},
    {url = "https://files.pythonhosted.org/packages/90/44/2f8e46765a49906e485294d389d4a24423023e00fb19aee737947da0f599/PySide6_Essentials-6.4.0-pp39-pypy39_pp73-manylinux_2_28_x86_64.whl", hash = "sha256:f7aa59dbf3aa1349f7559f5aa99f2e6e4845a3fc5af0ee602b4e5f1f666cf47f"},
    {url = "https://files.pythonhosted.org/packages/9f/14/063d8ce95381bada749bc5bb749e126e77453c582ef6a52eb6c447cbed2e/PySide6_Essentials-6.4.0-cp36-abi3-manylinux_2_28_x86_64.whl", hash = "sha256:526434fb2ca94e54d07a7605716e4fb2e1b642440bce32c80a39e847e1710e65"},
]
"shiboken6 6.4.0" = [
    {url = "https://files.pythonhosted.org/packages/7d/ff/35f21ad5ce8738fe2e12b13ee938d11c5396a82e9c219da029306b0c5b6d/shiboken6-6.4.0-cp36-abi3-macosx_10_9_universal2.whl", hash = "sha256:76ba24af98eb15cbdfb483142696c5ae22537d2df84c06b44eb1ab66280b29b4"},
    {url = "https://files.pythonhosted.org/packages/ad/ba/f2d0db365c7a0a11fcfff281629248ceaee88b3c9c0e5f61674b88971eeb/shiboken6-6.4.0-pp39-pypy39_pp73-macosx_10_9_universal2.whl", hash = "sha256:cfd5f6c64793ecae2617f9bdbe726376583f56db1ab62ebaef43442e5695425a"},
    {url = "https://files.pythonhosted.org/packages/bd/e1/c0acd4fa3a9cb2b908dd3b1551887b7a6e4608d13f48d5273023ce8a90f0/shiboken6-6.4.0-cp36-abi3-manylinux_2_28_x86_64.whl", hash = "sha256:67b4731c55f5d74a72bede9a84691d64664cf7e1e76b606f58b39c8a61ea563d"},
    {url = "https://files.pythonhosted.org/packages/d2/93/01f65b15cec7b1c52d0084f9143219a716ecbaa05b8606df9324297d5de0/shiboken6-6.4.0-pp39-pypy39_pp73-manylinux_2_28_x86_64.whl", hash = "sha256:679870d97665b21fca018b05023c7b90b895e886adba754d8cc5d06d571a2139"},
    {url = "https://files.pythonhosted.org/packages/d9/73/4dc72a5253e667848ba243e6077c4c9a88c859b8a96dcbe2712c95d76775/shiboken6-6.4.0-pp39-pypy39_pp73-win_amd64.whl", hash = "sha256:30bbd06fc6564a57552792e3fc9e7c85c0881d0036c5f0f0daee3054e3d727b9"},
    {url = "https://files.pythonhosted.org/packages/ef/c2/1a614b989958cf6be7ba32a60b71b7f60a03f4f06f99c003526ea309af67/shiboken6-6.4.0-cp36-abi3-win_amd64.whl", hash = "sha256:a572a5782c65c1f77ba1da92955e25f0af56c27832cf405eae246aee0e4c1575"},
]
